# This file was autogenerated by Stack.
# You should not edit this file by hand.
# For more information, please see the documentation at:
#   https://docs.haskellstack.org/en/stable/lock_files

packages:
- completed:
    hackage: lens-4.19.2@sha256:f0570ca0e4624d9daa57256f00f514e87be155401583fa1665faba47376c63a7,16053
    pantry-tree:
      size: 8330
      sha256: 97df1b96d825fb74400e75847e2a6ce2c37c9d1baeb71f5804a3a97694a4f881
  original:
    hackage: lens-4.19.2
snapshots:
- completed:
    size: 531674
    url: https://raw.githubusercontent.com/commercialhaskell/stackage-snapshots/master/lts/16/2.yaml
    sha256: 4b08fb9338ca297de7ade8318f4be1216f14dff8c0426c001fb7886ee88cb84a
  original: lts-16.2
